{
  "version": "5",
  "redirects": {
    "https://esm.sh/buffer-alloc-unsafe@^1.1.0?target=denonext": "https://esm.sh/buffer-alloc-unsafe@1.1.0?target=denonext",
    "https://esm.sh/buffer-alloc@^1.2.0?target=denonext": "https://esm.sh/buffer-alloc@1.2.0?target=denonext",
    "https://esm.sh/buffer-fill@^1.0.0?target=denonext": "https://esm.sh/buffer-fill@1.0.0?target=denonext",
    "https://esm.sh/debug@^4.3.4?target=denonext": "https://esm.sh/debug@4.4.3?target=denonext",
    "https://esm.sh/ms@^2.1.3?target=denonext": "https://esm.sh/ms@2.1.3?target=denonext",
    "https://esm.sh/p-timeout@^4.1.0?target=denonext": "https://esm.sh/p-timeout@4.1.0?target=denonext",
    "https://esm.sh/safe-compare@^1.1.4?target=denonext": "https://esm.sh/safe-compare@1.1.4?target=denonext",
    "https://esm.sh/sandwich-stream@^2.0.2?target=denonext": "https://esm.sh/sandwich-stream@2.0.2?target=denonext",
    "https://esm.sh/supports-color?target=denonext": "https://esm.sh/supports-color@10.2.2?target=denonext"
  },
  "remote": {
    "https://esm.sh/buffer-alloc-unsafe@1.1.0/denonext/buffer-alloc-unsafe.mjs": "06aee625f85f97dc4507facd66be87b1f8c5f11f70542f8cb5836384d6f89c78",
    "https://esm.sh/buffer-alloc-unsafe@1.1.0?target=denonext": "9c96ff3e23091ed9b96b12b7a91a75109778ecbfdae6cc4bca3aa8fcf7d34aac",
    "https://esm.sh/buffer-alloc@1.2.0/denonext/buffer-alloc.mjs": "c5c0afbdbbf90bed4cd5df6053a938e1dc44d425f00bfb9421f014f6ec75584c",
    "https://esm.sh/buffer-alloc@1.2.0?target=denonext": "0ef62106950c53691a7493f746d7ebc4c94899c60cb38f93b95232e97ca36af4",
    "https://esm.sh/buffer-fill@1.0.0/denonext/buffer-fill.mjs": "c0617e5b3112aa191ec56a1882dbf9c691efc235a5369a2aa7f57e3f61fac33e",
    "https://esm.sh/buffer-fill@1.0.0?target=denonext": "a2edc06f2f5e12ae55ba6f4be27f606174e53488288ffaab8562b355478509ab",
    "https://esm.sh/debug@4.4.3/denonext/debug.mjs": "fc4bb8fd2502bf87537c57f5c7c3213eb0258040361828a03970ba7d0933c516",
    "https://esm.sh/debug@4.4.3?target=denonext": "9df8b8806c13297f96185899110f8146b8b0c7944847c8392cbfb4e730a634dd",
    "https://esm.sh/ms@2.1.3/denonext/ms.mjs": "9039464da1f4ae1c2042742d335c82556c048bbe49449b5d0cd5198193afa147",
    "https://esm.sh/ms@2.1.3?target=denonext": "36f5aa7503ff0ff44ce9e3155a60362d8d3ae5db8db048be5764a3a515b6a263",
    "https://esm.sh/p-timeout@4.1.0/denonext/p-timeout.mjs": "b8dd05fcb3bb52b45759a66c0a56ceae721196f674f3ca4bc774e37d2bf0a0a0",
    "https://esm.sh/p-timeout@4.1.0?target=denonext": "bbf4de8900b111937127f5a9b8b6f0bb27afca38a9d478f3712b9d36e10e5a99",
    "https://esm.sh/safe-compare@1.1.4/denonext/safe-compare.mjs": "92bdae548349323644825a205b2eeacd866e38e68da0e0e7b524de660d635b62",
    "https://esm.sh/safe-compare@1.1.4?target=denonext": "e89585382c29c88c98f5dc4b06d00caa0c55a73342ebad00a0f4a63661c6a073",
    "https://esm.sh/sandwich-stream@2.0.2/denonext/sandwich-stream.mjs": "729cc7e971c7f9d2ad5bb7298470ee762e61ba727ed62516a170cd3a278c47b4",
    "https://esm.sh/sandwich-stream@2.0.2?target=denonext": "600750b32e5e794c8f9d62c6cdf12562b6e9197899743356cd38795516045f16",
    "https://esm.sh/supports-color@10.2.2/denonext/supports-color.mjs": "a263c0229c209e3fed166348cd02e96f08996902c9e8e7c6de4ac50c8ee2a748",
    "https://esm.sh/supports-color@10.2.2?target=denonext": "f938c90ae6175cd0ec937dabb90259b115033d9dfde267b69566089f06f92d06",
    "https://esm.sh/telegraf@4.15.0": "3d8013324ebb89529f8a89b50fd952ec9ce219ab4e4b7e5b89a289c728f4bbd9",
    "https://esm.sh/telegraf@4.15.0/denonext/lib/composer.mjs": "669570ccfd902dcf9d780ee237fdf3b93261a4d12236ac8abdace958d0bb9027",
    "https://esm.sh/telegraf@4.15.0/denonext/lib/context.mjs": "90b91e170f168379a6336d7a4c09e7a54f223237b02466c5b4ac722f70c71515",
    "https://esm.sh/telegraf@4.15.0/denonext/lib/core/helpers/util.mjs": "7a6ae7bf1cc7db84903528bfbdf9c72bd38b7f01beb1dd16fa971fb769132e44",
    "https://esm.sh/telegraf@4.15.0/denonext/lib/filters.mjs": "55642b7f137f43482ad57ec6fa51754e160f91b68908b7a788687688200ac34a",
    "https://esm.sh/telegraf@4.15.0/denonext/lib/format.mjs": "130a5faf759aa656d51ba1fc5ce557b4b83d65b8463b66ebee79b475834435b7",
    "https://esm.sh/telegraf@4.15.0/denonext/lib/session.mjs": "2e1ab8e07917443c039b219233e0fe9675844a080a1a743711a6986385ded400",
    "https://esm.sh/telegraf@4.15.0/denonext/scenes.mjs": "e008a018560e81c4430b85bad49289525b98b694f9a7be3907973699cc1ce762",
    "https://esm.sh/telegraf@4.15.0/denonext/telegraf.mjs": "e2fecac383432b74cefb25cb64d19cffc9d5a2f6ca2cc1dcf68504d16ad6d48e"
  },
  "workspace": {
    "packageJson": {
      "dependencies": [
        "npm:@hookform/resolvers@^3.10.0",
        "npm:@jridgewell/trace-mapping@~0.3.25",
        "npm:@neondatabase/serverless@~0.10.4",
        "npm:@radix-ui/react-accordion@^1.2.4",
        "npm:@radix-ui/react-alert-dialog@^1.1.7",
        "npm:@radix-ui/react-aspect-ratio@^1.1.3",
        "npm:@radix-ui/react-avatar@^1.1.4",
        "npm:@radix-ui/react-checkbox@^1.1.5",
        "npm:@radix-ui/react-collapsible@^1.1.4",
        "npm:@radix-ui/react-context-menu@^2.2.7",
        "npm:@radix-ui/react-dialog@^1.1.7",
        "npm:@radix-ui/react-dropdown-menu@^2.1.7",
        "npm:@radix-ui/react-hover-card@^1.1.7",
        "npm:@radix-ui/react-label@^2.1.3",
        "npm:@radix-ui/react-menubar@^1.1.7",
        "npm:@radix-ui/react-navigation-menu@^1.2.6",
        "npm:@radix-ui/react-popover@^1.1.7",
        "npm:@radix-ui/react-progress@^1.1.3",
        "npm:@radix-ui/react-radio-group@^1.2.4",
        "npm:@radix-ui/react-scroll-area@^1.2.4",
        "npm:@radix-ui/react-select@^2.1.7",
        "npm:@radix-ui/react-separator@^1.1.3",
        "npm:@radix-ui/react-slider@^1.2.4",
        "npm:@radix-ui/react-slot@^1.2.0",
        "npm:@radix-ui/react-switch@^1.1.4",
        "npm:@radix-ui/react-tabs@^1.1.4",
        "npm:@radix-ui/react-toast@^1.2.7",
        "npm:@radix-ui/react-toggle-group@^1.1.3",
        "npm:@radix-ui/react-toggle@^1.1.3",
        "npm:@radix-ui/react-tooltip@^1.2.0",
        "npm:@replit/vite-plugin-cartographer@~0.3.1",
        "npm:@replit/vite-plugin-dev-banner@~0.1.1",
        "npm:@replit/vite-plugin-runtime-error-modal@^0.0.3",
        "npm:@supabase/supabase-js@^2.58.0",
        "npm:@tailwindcss/typography@~0.5.15",
        "npm:@tailwindcss/vite@^4.1.3",
        "npm:@tanstack/react-query@^5.60.5",
        "npm:@types/connect-pg-simple@^7.0.3",
        "npm:@types/express-session@^1.18.0",
        "npm:@types/express@4.17.21",
        "npm:@types/node@20.16.11",
        "npm:@types/passport-local@^1.0.38",
        "npm:@types/passport@^1.0.16",
        "npm:@types/react-dom@^18.3.1",
        "npm:@types/react@^18.3.11",
        "npm:@types/ws@^8.5.13",
        "npm:@vercel/analytics@^1.5.0",
        "npm:@vitejs/plugin-react@^4.7.0",
        "npm:autoprefixer@^10.4.20",
        "npm:class-variance-authority@~0.7.1",
        "npm:clsx@^2.1.1",
        "npm:cmdk@^1.1.1",
        "npm:connect-pg-simple@10",
        "npm:date-fns@^3.6.0",
        "npm:dotenv@^17.2.2",
        "npm:drizzle-kit@~0.31.4",
        "npm:drizzle-orm@~0.39.3",
        "npm:drizzle-zod@~0.7.1",
        "npm:embla-carousel-react@^8.6.0",
        "npm:esbuild@0.25",
        "npm:express-session@^1.18.1",
        "npm:express@^4.21.2",
        "npm:framer-motion@^11.13.1",
        "npm:input-otp@^1.4.2",
        "npm:lucide-react@0.453",
        "npm:memorystore@^1.6.7",
        "npm:next-themes@~0.4.6",
        "npm:passport-local@1",
        "npm:passport@0.7",
        "npm:postcss@^8.4.47",
        "npm:react-day-picker@^8.10.1",
        "npm:react-dom@^18.3.1",
        "npm:react-hook-form@^7.55.0",
        "npm:react-icons@^5.4.0",
        "npm:react-resizable-panels@^2.1.7",
        "npm:react@^18.3.1",
        "npm:recharts@^2.15.2",
        "npm:tailwind-merge@^2.6.0",
        "npm:tailwindcss-animate@^1.0.7",
        "npm:tailwindcss@^3.4.17",
        "npm:tsx@^4.20.5",
        "npm:tw-animate-css@^1.2.5",
        "npm:typescript@5.6.3",
        "npm:vaul@^1.1.2",
        "npm:vite@^5.4.20",
        "npm:wouter@^3.3.5",
        "npm:ws@^8.18.0",
        "npm:zod-validation-error@^3.4.0",
        "npm:zod@^3.25.76"
      ]
    }
  }
}
